
Microsoft Visual Studio Solution File, Format Version 12.00
# Visual Studio Version 16
VisualStudioVersion = 16.0.34031.81
MinimumVisualStudioVersion = 10.0.40219.1
Project("{FAE04EC0-301F-11D3-BF4B-00C04F79EFBC}") = "Tyuiu.VelizhaninPI.Sprint7.Project.V10.Lib", "Tyuiu.VelizhaninPI.Sprint7.Project.V10.Lib\Tyuiu.VelizhaninPI.Sprint7.Project.V10.Lib.csproj", "{30D2BB25-6E63-4052-8B7C-47BED8B4D00C}"
EndProject
Project("{FAE04EC0-301F-11D3-BF4B-00C04F79EFBC}") = "Tyuiu.VelizhaninPI.Sprint7.Project.V10.Test", "Tyuiu.VelizhaninPI.Sprint7.Project.V10.Test\Tyuiu.VelizhaninPI.Sprint7.Project.V10.Test.csproj", "{8D86004E-486B-4601-82A1-DD515E8B3CC0}"
EndProject
Project("{FAE04EC0-301F-11D3-BF4B-00C04F79EFBC}") = "Tyuiu.VelizhaninPI.Sprint7.Project.V10", "Tyuiu.VelizhaninPI.Sprint7.Project.V10\Tyuiu.VelizhaninPI.Sprint7.Project.V10.csproj", "{68F061C7-2FCB-4675-8660-E5576064EDED}"
EndProject
Global
	GlobalSection(SolutionConfigurationPlatforms) = preSolution
		Debug|Any CPU = Debug|Any CPU
		Release|Any CPU = Release|Any CPU
	EndGlobalSection
	GlobalSection(ProjectConfigurationPlatforms) = postSolution
		{30D2BB25-6E63-4052-8B7C-47BED8B4D00C}.Debug|Any CPU.ActiveCfg = Debug|Any CPU
		{30D2BB25-6E63-4052-8B7C-47BED8B4D00C}.Debug|Any CPU.Build.0 = Debug|Any CPU
		{30D2BB25-6E63-4052-8B7C-47BED8B4D00C}.Release|Any CPU.ActiveCfg = Release|Any CPU
		{30D2BB25-6E63-4052-8B7C-47BED8B4D00C}.Release|Any CPU.Build.0 = Release|Any CPU
		{8D86004E-486B-4601-82A1-DD515E8B3CC0}.Debug|Any CPU.ActiveCfg = Debug|Any CPU
		{8D86004E-486B-4601-82A1-DD515E8B3CC0}.Debug|Any CPU.Build.0 = Debug|Any CPU
		{8D86004E-486B-4601-82A1-DD515E8B3CC0}.Release|Any CPU.ActiveCfg = Release|Any CPU
		{8D86004E-486B-4601-82A1-DD515E8B3CC0}.Release|Any CPU.Build.0 = Release|Any CPU
		{68F061C7-2FCB-4675-8660-E5576064EDED}.Debug|Any CPU.ActiveCfg = Debug|Any CPU
		{68F061C7-2FCB-4675-8660-E5576064EDED}.Debug|Any CPU.Build.0 = Debug|Any CPU
		{68F061C7-2FCB-4675-8660-E5576064EDED}.Release|Any CPU.ActiveCfg = Release|Any CPU
		{68F061C7-2FCB-4675-8660-E5576064EDED}.Release|Any CPU.Build.0 = Release|Any CPU
	EndGlobalSection
	GlobalSection(SolutionProperties) = preSolution
		HideSolutionNode = FALSE
	EndGlobalSection
	GlobalSection(ExtensibilityGlobals) = postSolution
		SolutionGuid = {A0983083-99F3-4808-ACA7-32E1D31CF1BC}
	EndGlobalSection
EndGlobal
